
Microsoft Visual Studio Solution File, Format Version 12.00
# Visual Studio Version 16
VisualStudioVersion = 16.0.29123.88
MinimumVisualStudioVersion = 10.0.40219.1
Project("{2150E333-8FDC-42A3-9474-1A3956D46DE8}") = "src", "src", "{4FD6A475-8E27-4933-A76F-38CD0A10663F}"
EndProject
Project("{9A19103F-16F7-4668-BE54-9A1E7A4F7556}") = "VirtoCommerce.AModule.Web", "src\VirtoCommerce.AModule.Web\VirtoCommerce.AModule.Web.csproj", "{D1428B3A-FFAD-4DC3-AF40-728155BCF262}"
EndProject
Project("{9A19103F-16F7-4668-BE54-9A1E7A4F7556}") = "VirtoCommerce.AModule.Data", "src\VirtoCommerce.AModule.Data\VirtoCommerce.AModule.Data.csproj", "{F08D71A9-E820-4F3D-B7FE-B63445FD734E}"
EndProject
Global
	GlobalSection(SolutionConfigurationPlatforms) = preSolution
		Debug|Any CPU = Debug|Any CPU
		Release|Any CPU = Release|Any CPU
	EndGlobalSection
	GlobalSection(ProjectConfigurationPlatforms) = postSolution
		{D1428B3A-FFAD-4DC3-AF40-728155BCF262}.Debug|Any CPU.ActiveCfg = Debug|Any CPU
		{D1428B3A-FFAD-4DC3-AF40-728155BCF262}.Debug|Any CPU.Build.0 = Debug|Any CPU
		{D1428B3A-FFAD-4DC3-AF40-728155BCF262}.Release|Any CPU.ActiveCfg = Release|Any CPU
		{D1428B3A-FFAD-4DC3-AF40-728155BCF262}.Release|Any CPU.Build.0 = Release|Any CPU
		{F08D71A9-E820-4F3D-B7FE-B63445FD734E}.Debug|Any CPU.ActiveCfg = Debug|Any CPU
		{F08D71A9-E820-4F3D-B7FE-B63445FD734E}.Debug|Any CPU.Build.0 = Debug|Any CPU
		{F08D71A9-E820-4F3D-B7FE-B63445FD734E}.Release|Any CPU.ActiveCfg = Release|Any CPU
		{F08D71A9-E820-4F3D-B7FE-B63445FD734E}.Release|Any CPU.Build.0 = Release|Any CPU
	EndGlobalSection
	GlobalSection(SolutionProperties) = preSolution
		HideSolutionNode = FALSE
	EndGlobalSection
	GlobalSection(NestedProjects) = preSolution
		{D1428B3A-FFAD-4DC3-AF40-728155BCF262} = {4FD6A475-8E27-4933-A76F-38CD0A10663F}
		{F08D71A9-E820-4F3D-B7FE-B63445FD734E} = {4FD6A475-8E27-4933-A76F-38CD0A10663F}
	EndGlobalSection
	GlobalSection(ExtensibilityGlobals) = postSolution
		SolutionGuid = {A0AFC80D-A997-4A54-89D5-6203DD3CD9AA}
	EndGlobalSection
EndGlobal
