
Microsoft Visual Studio Solution File, Format Version 12.00
# Visual Studio 15
VisualStudioVersion = 15.0.28307.645
MinimumVisualStudioVersion = 10.0.40219.1
Project("{FAE04EC0-301F-11D3-BF4B-00C04F79EFBC}") = "VirtoCommerce.WhatsAppNotification.Web", "VirtoCommerce.WhatsAppNotification.Web\VirtoCommerce.WhatsAppNotification.Web.csproj", "{295D5FB2-04F8-4060-9E14-5348430AE168}"
EndProject
Project("{FAE04EC0-301F-11D3-BF4B-00C04F79EFBC}") = "VirtoCommerce.WhatsAppNotification.Core", "VirtoCommerce.WhatsAppNotification.Core\VirtoCommerce.WhatsAppNotification.Core.csproj", "{9F1B05F5-C50A-412E-ABD9-92163BD1D640}"
EndProject
Project("{FAE04EC0-301F-11D3-BF4B-00C04F79EFBC}") = "VirtoCommerce.WhatsAppNotification.Data", "VirtoCommerce.WhatsAppNotification.Data\VirtoCommerce.WhatsAppNotification.Data.csproj", "{924E7BA3-9FE9-4020-B14C-E002A6D40083}"
EndProject
Global
	GlobalSection(SolutionConfigurationPlatforms) = preSolution
		Debug|Any CPU = Debug|Any CPU
		Release|Any CPU = Release|Any CPU
	EndGlobalSection
	GlobalSection(ProjectConfigurationPlatforms) = postSolution
		{295D5FB2-04F8-4060-9E14-5348430AE168}.Debug|Any CPU.ActiveCfg = Debug|Any CPU
		{295D5FB2-04F8-4060-9E14-5348430AE168}.Debug|Any CPU.Build.0 = Debug|Any CPU
		{295D5FB2-04F8-4060-9E14-5348430AE168}.Release|Any CPU.ActiveCfg = Release|Any CPU
		{295D5FB2-04F8-4060-9E14-5348430AE168}.Release|Any CPU.Build.0 = Release|Any CPU
		{9F1B05F5-C50A-412E-ABD9-92163BD1D640}.Debug|Any CPU.ActiveCfg = Debug|Any CPU
		{9F1B05F5-C50A-412E-ABD9-92163BD1D640}.Debug|Any CPU.Build.0 = Debug|Any CPU
		{9F1B05F5-C50A-412E-ABD9-92163BD1D640}.Release|Any CPU.ActiveCfg = Release|Any CPU
		{9F1B05F5-C50A-412E-ABD9-92163BD1D640}.Release|Any CPU.Build.0 = Release|Any CPU
		{924E7BA3-9FE9-4020-B14C-E002A6D40083}.Debug|Any CPU.ActiveCfg = Debug|Any CPU
		{924E7BA3-9FE9-4020-B14C-E002A6D40083}.Debug|Any CPU.Build.0 = Debug|Any CPU
		{924E7BA3-9FE9-4020-B14C-E002A6D40083}.Release|Any CPU.ActiveCfg = Release|Any CPU
		{924E7BA3-9FE9-4020-B14C-E002A6D40083}.Release|Any CPU.Build.0 = Release|Any CPU
	EndGlobalSection
	GlobalSection(SolutionProperties) = preSolution
		HideSolutionNode = FALSE
	EndGlobalSection
	GlobalSection(ExtensibilityGlobals) = postSolution
		SolutionGuid = {1A789400-9D20-4E12-AAAD-F24B9F4690A6}
	EndGlobalSection
EndGlobal
