
Microsoft Visual Studio Solution File, Format Version 12.00
# Visual Studio 15
VisualStudioVersion = 15.0.28307.489
MinimumVisualStudioVersion = 10.0.40219.1
Project("{FAE04EC0-301F-11D3-BF4B-00C04F79EFBC}") = "EnrichmentFormSample", "EnrichmentFormSample\EnrichmentFormSample.csproj", "{6C96101A-5EC1-43A2-98BF-20FD2350FBE0}"
EndProject
Global
	GlobalSection(SolutionConfigurationPlatforms) = preSolution
		Debug|Any CPU = Debug|Any CPU
		Release|Any CPU = Release|Any CPU
	EndGlobalSection
	GlobalSection(ProjectConfigurationPlatforms) = postSolution
		{6C96101A-5EC1-43A2-98BF-20FD2350FBE0}.Debug|Any CPU.ActiveCfg = Debug|Any CPU
		{6C96101A-5EC1-43A2-98BF-20FD2350FBE0}.Debug|Any CPU.Build.0 = Debug|Any CPU
		{6C96101A-5EC1-43A2-98BF-20FD2350FBE0}.Release|Any CPU.ActiveCfg = Release|Any CPU
		{6C96101A-5EC1-43A2-98BF-20FD2350FBE0}.Release|Any CPU.Build.0 = Release|Any CPU
	EndGlobalSection
	GlobalSection(SolutionProperties) = preSolution
		HideSolutionNode = FALSE
	EndGlobalSection
	GlobalSection(ExtensibilityGlobals) = postSolution
		SolutionGuid = {987E7F71-8371-4614-9BD0-9D817A14F41C}
	EndGlobalSection
EndGlobal
