
Microsoft Visual Studio Solution File, Format Version 12.00
# Visual Studio Version 16
VisualStudioVersion = 16.0.29209.62
MinimumVisualStudioVersion = 10.0.40219.1
Project("{151D2E53-A2C4-4D7D-83FE-D05416EBD58E}") = "FtpIntegration", "FtpIntegration\FtpIntegration.deployproj", "{CF8F7682-1759-4FDE-A2C5-D6533B1D55FC}"
EndProject
Global
	GlobalSection(SolutionConfigurationPlatforms) = preSolution
		Debug|Any CPU = Debug|Any CPU
		Release|Any CPU = Release|Any CPU
	EndGlobalSection
	GlobalSection(ProjectConfigurationPlatforms) = postSolution
		{CF8F7682-1759-4FDE-A2C5-D6533B1D55FC}.Debug|Any CPU.ActiveCfg = Debug|Any CPU
		{CF8F7682-1759-4FDE-A2C5-D6533B1D55FC}.Debug|Any CPU.Build.0 = Debug|Any CPU
		{CF8F7682-1759-4FDE-A2C5-D6533B1D55FC}.Release|Any CPU.ActiveCfg = Release|Any CPU
		{CF8F7682-1759-4FDE-A2C5-D6533B1D55FC}.Release|Any CPU.Build.0 = Release|Any CPU
	EndGlobalSection
	GlobalSection(SolutionProperties) = preSolution
		HideSolutionNode = FALSE
	EndGlobalSection
	GlobalSection(ExtensibilityGlobals) = postSolution
		SolutionGuid = {198DDED9-C0D7-493E-AD4B-A0CA04F2C178}
	EndGlobalSection
EndGlobal
